# @generated by Move, please check-in and do not edit manually.

[move]
version = 3
manifest_digest = "291B4DE38DFB4A78FF9F942D254E4D1DDA68F55FD56D839A88741856AD15AFE6"
deps_digest = "3C4103934B1E040BB6B23F1D610B4EF9F2F1166A50A104EADCF77467C004C600"
dependencies = [
  { id = "Sui", name = "Sui" },
  { id = "money_cpi", name = "money_cpi" },
]

[[move.package]]
id = "MoveStdlib"
source = { git = "https://github.com/MystenLabs/sui.git", rev = "framework/testnet", subdir = "crates/sui-framework/packages/move-stdlib" }

[[move.package]]
id = "Sui"
source = { git = "https://github.com/MystenLabs/sui.git", rev = "framework/testnet", subdir = "crates/sui-framework/packages/sui-framework" }

dependencies = [
  { id = "MoveStdlib", name = "MoveStdlib" },
]

[[move.package]]
id = "money_cpi"
source = { local = "../money_cpi" }

dependencies = [
  { id = "Sui", name = "Sui" },
]
